// !$*UTF8*$!
{
	archiveVersion = 1;
	classes = {
	};
	objectVersion = 46;
	objects = {

/* Begin PBXBuildFile section */
		9C579A1D1C8F72BE00B7347E /* resetBtn.swift in Sources */ = {isa = PBXBuildFile; fileRef = 9C579A1C1C8F72BE00B7347E /* resetBtn.swift */; };
		9CA5F7731C8F43CD00BE131C /* AppDelegate.swift in Sources */ = {isa = PBXBuildFile; fileRef = 9CA5F7721C8F43CD00BE131C /* AppDelegate.swift */; };
		9CA5F7751C8F43CD00BE131C /* ViewController.swift in Sources */ = {isa = PBXBuildFile; fileRef = 9CA5F7741C8F43CD00BE131C /* ViewController.swift */; };
		9CA5F7781C8F43CD00BE131C /* Main.storyboard in Resources */ = {isa = PBXBuildFile; fileRef = 9CA5F7761C8F43CD00BE131C /* Main.storyboard */; };
		9CA5F77B1C8F43CD00BE131C /* Timely.xcdatamodeld in Sources */ = {isa = PBXBuildFile; fileRef = 9CA5F7791C8F43CD00BE131C /* Timely.xcdatamodeld */; };
		9CA5F77D1C8F43CD00BE131C /* Assets.xcassets in Resources */ = {isa = PBXBuildFile; fileRef = 9CA5F77C1C8F43CD00BE131C /* Assets.xcassets */; };
		9CA5F7801C8F43CD00BE131C /* LaunchScreen.storyboard in Resources */ = {isa = PBXBuildFile; fileRef = 9CA5F77E1C8F43CD00BE131C /* LaunchScreen.storyboard */; };
		9CA5F7881C8F587F00BE131C /* Theme.swift in Sources */ = {isa = PBXBuildFile; fileRef = 9CA5F7871C8F587F00BE131C /* Theme.swift */; };
/* End PBXBuildFile section */

/* Begin PBXFileReference section */
		9C579A1C1C8F72BE00B7347E /* resetBtn.swift */ = {isa = PBXFileReference; fileEncoding = 4; lastKnownFileType = sourcecode.swift; path = resetBtn.swift; sourceTree = "<group>"; };
		9CA5F76F1C8F43CD00BE131C /* Timely.app */ = {isa = PBXFileReference; explicitFileType = wrapper.application; includeInIndex = 0; path = Timely.app; sourceTree = BUILT_PRODUCTS_DIR; };
		9CA5F7721C8F43CD00BE131C /* AppDelegate.swift */ = {isa = PBXFileReference; lastKnownFileType = sourcecode.swift; path = AppDelegate.swift; sourceTree = "<group>"; };
		9CA5F7741C8F43CD00BE131C /* ViewController.swift */ = {isa = PBXFileReference; lastKnownFileType = sourcecode.swift; path = ViewController.swift; sourceTree = "<group>"; };
		9CA5F7771C8F43CD00BE131C /* Base */ = {isa = PBXFileReference; lastKnownFileType = file.storyboard; name = Base; path = Base.lproj/Main.storyboard; sourceTree = "<group>"; };
		9CA5F77A1C8F43CD00BE131C /* Timely.xcdatamodel */ = {isa = PBXFileReference; lastKnownFileType = wrapper.xcdatamodel; path = Timely.xcdatamodel; sourceTree = "<group>"; };
		9CA5F77C1C8F43CD00BE131C /* Assets.xcassets */ = {isa = PBXFileReference; lastKnownFileType = folder.assetcatalog; path = Assets.xcassets; sourceTree = "<group>"; };
		9CA5F77F1C8F43CD00BE131C /* Base */ = {isa = PBXFileReference; lastKnownFileType = file.storyboard; name = Base; path = Base.lproj/LaunchScreen.storyboard; sourceTree = "<group>"; };
		9CA5F7811C8F43CD00BE131C /* Info.plist */ = {isa = PBXFileReference; lastKnownFileType = text.plist.xml; path = Info.plist; sourceTree = "<group>"; };
		9CA5F7871C8F587F00BE131C /* Theme.swift */ = {isa = PBXFileReference; fileEncoding = 4; lastKnownFileType = sourcecode.swift; path = Theme.swift; sourceTree = "<group>"; };
/* End PBXFileReference section */

/* Begin PBXFrameworksBuildPhase section */
		9CA5F76C1C8F43CD00BE131C /* Frameworks */ = {
			isa = PBXFrameworksBuildPhase;
			buildActionMask = 2147483647;
			files = (
			);
			runOnlyForDeploymentPostprocessing = 0;
		};
/* End PBXFrameworksBuildPhase section */

/* Begin PBXGroup section */
		9CA5F7661C8F43CD00BE131C = {
			isa = PBXGroup;
			children = (
				9CA5F7711C8F43CD00BE131C /* Timely */,
				9CA5F7701C8F43CD00BE131C /* Products */,
			);
			sourceTree = "<group>";
		};
		9CA5F7701C8F43CD00BE131C /* Products */ = {
			isa = PBXGroup;
			children = (
				9CA5F76F1C8F43CD00BE131C /* Timely.app */,
			);
			name = Products;
			sourceTree = "<group>";
		};
		9CA5F7711C8F43CD00BE131C /* Timely */ = {
			isa = PBXGroup;
			children = (
				9CA5F7741C8F43CD00BE131C /* ViewController.swift */,
				9CA5F7761C8F43CD00BE131C /* Main.storyboard */,
				9C579A1C1C8F72BE00B7347E /* resetBtn.swift */,
				9CA5F7871C8F587F00BE131C /* Theme.swift */,
				9CA5F77C1C8F43CD00BE131C /* Assets.xcassets */,
				9CA5F77E1C8F43CD00BE131C /* LaunchScreen.storyboard */,
				9CA5F7721C8F43CD00BE131C /* AppDelegate.swift */,
				9CA5F7811C8F43CD00BE131C /* Info.plist */,
				9CA5F7791C8F43CD00BE131C /* Timely.xcdatamodeld */,
			);
			path = Timely;
			sourceTree = "<group>";
		};
/* End PBXGroup section */

/* Begin PBXNativeTarget section */
		9CA5F76E1C8F43CD00BE131C /* Timely */ = {
			isa = PBXNativeTarget;
			buildConfigurationList = 9CA5F7841C8F43CD00BE131C /* Build configuration list for PBXNativeTarget "Timely" */;
			buildPhases = (
				9CA5F76B1C8F43CD00BE131C /* Sources */,
				9CA5F76C1C8F43CD00BE131C /* Frameworks */,
				9CA5F76D1C8F43CD00BE131C /* Resources */,
			);
			buildRules = (
			);
			dependencies = (
			);
			name = Timely;
			productName = Timely;
			productReference = 9CA5F76F1C8F43CD00BE131C /* Timely.app */;
			productType = "com.apple.product-type.application";
		};
/* End PBXNativeTarget section */

/* Begin PBXProject section */
		9CA5F7671C8F43CD00BE131C /* Project object */ = {
			isa = PBXProject;
			attributes = {
				LastSwiftUpdateCheck = 0720;
				LastUpgradeCheck = 0720;
				ORGANIZATIONNAME = CarlosAngon;
				TargetAttributes = {
					9CA5F76E1C8F43CD00BE131C = {
						CreatedOnToolsVersion = 7.2.1;
						DevelopmentTeam = 4LWX39MMYL;
					};
				};
			};
			buildConfigurationList = 9CA5F76A1C8F43CD00BE131C /* Build configuration list for PBXProject "Timely" */;
			compatibilityVersion = "Xcode 3.2";
			developmentRegion = English;
			hasScannedForEncodings = 0;
			knownRegions = (
				en,
				Base,
			);
			mainGroup = 9CA5F7661C8F43CD00BE131C;
			productRefGroup = 9CA5F7701C8F43CD00BE131C /* Products */;
			projectDirPath = "";
			projectRoot = "";
			targets = (
				9CA5F76E1C8F43CD00BE131C /* Timely */,
			);
		};
/* End PBXProject section */

/* Begin PBXResourcesBuildPhase section */
		9CA5F76D1C8F43CD00BE131C /* Resources */ = {
			isa = PBXResourcesBuildPhase;
			buildActionMask = 2147483647;
			files = (
				9CA5F7801C8F43CD00BE131C /* LaunchScreen.storyboard in Resources */,
				9CA5F77D1C8F43CD00BE131C /* Assets.xcassets in Resources */,
				9CA5F7781C8F43CD00BE131C /* Main.storyboard in Resources */,
			);
			runOnlyForDeploymentPostprocessing = 0;
		};
/* End PBXResourcesBuildPhase section */

/* Begin PBXSourcesBuildPhase section */
		9CA5F76B1C8F43CD00BE131C /* Sources */ = {
			isa = PBXSourcesBuildPhase;
			buildActionMask = 2147483647;
			files = (
				9CA5F77B1C8F43CD00BE131C /* Timely.xcdatamodeld in Sources */,
				9CA5F7881C8F587F00BE131C /* Theme.swift in Sources */,
				9CA5F7751C8F43CD00BE131C /* ViewController.swift in Sources */,
				9CA5F7731C8F43CD00BE131C /* AppDelegate.swift in Sources */,
				9C579A1D1C8F72BE00B7347E /* resetBtn.swift in Sources */,
			);
			runOnlyForDeploymentPostprocessing = 0;
		};
/* End PBXSourcesBuildPhase section */

/* Begin PBXVariantGroup section */
		9CA5F7761C8F43CD00BE131C /* Main.storyboard */ = {
			isa = PBXVariantGroup;
			children = (
				9CA5F7771C8F43CD00BE131C /* Base */,
			);
			name = Main.storyboard;
			sourceTree = "<group>";
		};
		9CA5F77E1C8F43CD00BE131C /* LaunchScreen.storyboard */ = {
			isa = PBXVariantGroup;
			children = (
				9CA5F77F1C8F43CD00BE131C /* Base */,
			);
			name = LaunchScreen.storyboard;
			sourceTree = "<group>";
		};
/* End PBXVariantGroup section */

/* Begin XCBuildConfiguration section */
		9CA5F7821C8F43CD00BE131C /* Debug */ = {
			isa = XCBuildConfiguration;
			buildSettings = {
				ALWAYS_SEARCH_USER_PATHS = NO;
				CLANG_CXX_LANGUAGE_STANDARD = "gnu++0x";
				CLANG_CXX_LIBRARY = "libc++";
				CLANG_ENABLE_MODULES = YES;
				CLANG_ENABLE_OBJC_ARC = YES;
				CLANG_WARN_BOOL_CONVERSION = YES;
				CLANG_WARN_CONSTANT_CONVERSION = YES;
				CLANG_WARN_DIRECT_OBJC_ISA_USAGE = YES_ERROR;
				CLANG_WARN_EMPTY_BODY = YES;
				CLANG_WARN_ENUM_CONVERSION = YES;
				CLANG_WARN_INT_CONVERSION = YES;
				CLANG_WARN_OBJC_ROOT_CLASS = YES_ERROR;
				CLANG_WARN_UNREACHABLE_CODE = YES;
				CLANG_WARN__DUPLICATE_METHOD_MATCH = YES;
				"CODE_SIGN_IDENTITY[sdk=iphoneos*]" = "iPhone Developer";
				COPY_PHASE_STRIP = NO;
				DEBUG_INFORMATION_FORMAT = dwarf;
				ENABLE_STRICT_OBJC_MSGSEND = YES;
				ENABLE_TESTABILITY = YES;
				GCC_C_LANGUAGE_STANDARD = gnu99;
				GCC_DYNAMIC_NO_PIC = NO;
				GCC_NO_COMMON_BLOCKS = YES;
				GCC_OPTIMIZATION_LEVEL = 0;
				GCC_PREPROCESSOR_DEFINITIONS = (
					"DEBUG=1",
					"$(inherited)",
				);
				GCC_WARN_64_TO_32_BIT_CONVERSION = YES;
				GCC_WARN_ABOUT_RETURN_TYPE = YES_ERROR;
				GCC_WARN_UNDECLARED_SELECTOR = YES;
				GCC_WARN_UNINITIALIZED_AUTOS = YES_AGGRESSIVE;
				GCC_WARN_UNUSED_FUNCTION = YES;
				GCC_WARN_UNUSED_VARIABLE = YES;
				IPHONEOS_DEPLOYMENT_TARGET = 9.2;
				MTL_ENABLE_DEBUG_INFO = YES;
				ONLY_ACTIVE_ARCH = YES;
				SDKROOT = iphoneos;
				SWIFT_OPTIMIZATION_LEVEL = "-Onone";
				TARGETED_DEVICE_FAMILY = "1,2";
			};
			name = Debug;
		};
		9CA5F7831C8F43CD00BE131C /* Release */ = {
			isa = XCBuildConfiguration;
			buildSettings = {
				ALWAYS_SEARCH_USER_PATHS = NO;
				CLANG_CXX_LANGUAGE_STANDARD = "gnu++0x";
				CLANG_CXX_LIBRARY = "libc++";
				CLANG_ENABLE_MODULES = YES;
				CLANG_ENABLE_OBJC_ARC = YES;
				CLANG_WARN_BOOL_CONVERSION = YES;
				CLANG_WARN_CONSTANT_CONVERSION = YES;
				CLANG_WARN_DIRECT_OBJC_ISA_USAGE = YES_ERROR;
				CLANG_WARN_EMPTY_BODY = YES;
				CLANG_WARN_ENUM_CONVERSION = YES;
				CLANG_WARN_INT_CONVERSION = YES;
				CLANG_WARN_OBJC_ROOT_CLASS = YES_ERROR;
				CLANG_WARN_UNREACHABLE_CODE = YES;
				CLANG_WARN__DUPLICATE_METHOD_MATCH = YES;
				"CODE_SIGN_IDENTITY[sdk=iphoneos*]" = "iPhone Developer";
				COPY_PHASE_STRIP = NO;
				DEBUG_INFORMATION_FORMAT = "dwarf-with-dsym";
				ENABLE_NS_ASSERTIONS = NO;
				ENABLE_STRICT_OBJC_MSGSEND = YES;
				GCC_C_LANGUAGE_STANDARD = gnu99;
				GCC_NO_COMMON_BLOCKS = YES;
				GCC_WARN_64_TO_32_BIT_CONVERSION = YES;
				GCC_WARN_ABOUT_RETURN_TYPE = YES_ERROR;
				GCC_WARN_UNDECLARED_SELECTOR = YES;
				GCC_WARN_UNINITIALIZED_AUTOS = YES_AGGRESSIVE;
				GCC_WARN_UNUSED_FUNCTION = YES;
				GCC_WARN_UNUSED_VARIABLE = YES;
				IPHONEOS_DEPLOYMENT_TARGET = 9.2;
				MTL_ENABLE_DEBUG_INFO = NO;
				SDKROOT = iphoneos;
				TARGETED_DEVICE_FAMILY = "1,2";
				VALIDATE_PRODUCT = YES;
			};
			name = Release;
		};
		9CA5F7851C8F43CD00BE131C /* Debug */ = {
			isa = XCBuildConfiguration;
			buildSettings = {
				ASSETCATALOG_COMPILER_APPICON_NAME = AppIcon;
				INFOPLIST_FILE = Timely/Info.plist;
				LD_RUNPATH_SEARCH_PATHS = "$(inherited) @executable_path/Frameworks";
				PRODUCT_BUNDLE_IDENTIFIER = CAA.Timely;
				PRODUCT_NAME = "$(TARGET_NAME)";
			};
			name = Debug;
		};
		9CA5F7861C8F43CD00BE131C /* Release */ = {
			isa = XCBuildConfiguration;
			buildSettings = {
				ASSETCATALOG_COMPILER_APPICON_NAME = AppIcon;
				INFOPLIST_FILE = Timely/Info.plist;
				LD_RUNPATH_SEARCH_PATHS = "$(inherited) @executable_path/Frameworks";
				PRODUCT_BUNDLE_IDENTIFIER = CAA.Timely;
				PRODUCT_NAME = "$(TARGET_NAME)";
			};
			name = Release;
		};
/* End XCBuildConfiguration section */

/* Begin XCConfigurationList section */
		9CA5F76A1C8F43CD00BE131C /* Build configuration list for PBXProject "Timely" */ = {
			isa = XCConfigurationList;
			buildConfigurations = (
				9CA5F7821C8F43CD00BE131C /* Debug */,
				9CA5F7831C8F43CD00BE131C /* Release */,
			);
			defaultConfigurationIsVisible = 0;
			defaultConfigurationName = Release;
		};
		9CA5F7841C8F43CD00BE131C /* Build configuration list for PBXNativeTarget "Timely" */ = {
			isa = XCConfigurationList;
			buildConfigurations = (
				9CA5F7851C8F43CD00BE131C /* Debug */,
				9CA5F7861C8F43CD00BE131C /* Release */,
			);
			defaultConfigurationIsVisible = 0;
			defaultConfigurationName = Release;
		};
/* End XCConfigurationList section */

/* Begin XCVersionGroup section */
		9CA5F7791C8F43CD00BE131C /* Timely.xcdatamodeld */ = {
			isa = XCVersionGroup;
			children = (
				9CA5F77A1C8F43CD00BE131C /* Timely.xcdatamodel */,
			);
			currentVersion = 9CA5F77A1C8F43CD00BE131C /* Timely.xcdatamodel */;
			path = Timely.xcdatamodeld;
			sourceTree = "<group>";
			versionGroupType = wrapper.xcdatamodel;
		};
/* End XCVersionGroup section */
	};
	rootObject = 9CA5F7671C8F43CD00BE131C /* Project object */;
}
